
Microsoft Visual Studio Solution File, Format Version 12.00
# Visual Studio Version 16
VisualStudioVersion = 16.0.31129.286
MinimumVisualStudioVersion = 10.0.40219.1
Project("{9A19103F-16F7-4668-BE54-9A1E7A4F7556}") = "GarageOv5", "GarageOv5.csproj", "{3C560402-7049-47CB-81C3-9762FEE1C3B5}"
EndProject
Global
	GlobalSection(SolutionConfigurationPlatforms) = preSolution
		Debug|Any CPU = Debug|Any CPU
		Release|Any CPU = Release|Any CPU
	EndGlobalSection
	GlobalSection(ProjectConfigurationPlatforms) = postSolution
		{3C560402-7049-47CB-81C3-9762FEE1C3B5}.Debug|Any CPU.ActiveCfg = Debug|Any CPU
		{3C560402-7049-47CB-81C3-9762FEE1C3B5}.Debug|Any CPU.Build.0 = Debug|Any CPU
		{3C560402-7049-47CB-81C3-9762FEE1C3B5}.Release|Any CPU.ActiveCfg = Release|Any CPU
		{3C560402-7049-47CB-81C3-9762FEE1C3B5}.Release|Any CPU.Build.0 = Release|Any CPU
	EndGlobalSection
	GlobalSection(SolutionProperties) = preSolution
		HideSolutionNode = FALSE
	EndGlobalSection
	GlobalSection(ExtensibilityGlobals) = postSolution
		SolutionGuid = {3FB8E5D0-C837-4E16-8A92-FE44AF3682BD}
	EndGlobalSection
EndGlobal
